
Microsoft Visual Studio Solution File, Format Version 12.00
# Visual Studio Express 2012 for Windows Desktop
Project("{FAE04EC0-301F-11D3-BF4B-00C04F79EFBC}") = "EIMS1", "EIMS1\EIMS1.csproj", "{34EFBC8C-C74E-4E44-9D13-C42725857191}"
EndProject
Global
	GlobalSection(SolutionConfigurationPlatforms) = preSolution
		Debug|Any CPU = Debug|Any CPU
		Release|Any CPU = Release|Any CPU
	EndGlobalSection
	GlobalSection(ProjectConfigurationPlatforms) = postSolution
		{34EFBC8C-C74E-4E44-9D13-C42725857191}.Debug|Any CPU.ActiveCfg = Debug|Any CPU
		{34EFBC8C-C74E-4E44-9D13-C42725857191}.Debug|Any CPU.Build.0 = Debug|Any CPU
		{34EFBC8C-C74E-4E44-9D13-C42725857191}.Release|Any CPU.ActiveCfg = Release|Any CPU
		{34EFBC8C-C74E-4E44-9D13-C42725857191}.Release|Any CPU.Build.0 = Release|Any CPU
	EndGlobalSection
	GlobalSection(SolutionProperties) = preSolution
		HideSolutionNode = FALSE
	EndGlobalSection
EndGlobal
